<?xml version="1.0" encoding="utf-8"?>
<Project ToolsVersion="4.0" xmlns="http://schemas.microsoft.com/developer/msbuild/2003">
  <ItemGroup>
    <Filter Include="소스 파일">
      <UniqueIdentifier>{4FC737F1-C7A5-4376-A066-2A32D752A2FF}</UniqueIdentifier>
      <Extensions>cpp;c;cc;cxx;def;odl;idl;hpj;bat;asm;asmx</Extensions>
    </Filter>
    <Filter Include="헤더 파일">
      <UniqueIdentifier>{93995380-89BD-4b04-88EB-625FBE52EBFB}</UniqueIdentifier>
      <Extensions>h;hh;hpp;hxx;hm;inl;inc;xsd</Extensions>
    </Filter>
    <Filter Include="리소스 파일">
      <UniqueIdentifier>{67DA6AB6-F800-4c08-8B7A-83BB121AAD01}</UniqueIdentifier>
      <Extensions>rc;ico;cur;bmp;dlg;rc2;rct;bin;rgs;gif;jpg;jpeg;jpe;resx;tiff;tif;png;wav;mfcribbon-ms</Extensions>
    </Filter>
    <Filter Include="App">
      <UniqueIdentifier>{453a0085-22f6-4b87-a6ed-5c425d3f34c3}</UniqueIdentifier>
    </Filter>
    <Filter Include="Utility">
      <UniqueIdentifier>{aa9fa08c-2d65-4081-9334-39faccecae10}</UniqueIdentifier>
    </Filter>
    <Filter Include="Utility\FileIO">
      <UniqueIdentifier>{a9ef27f9-3646-40a8-af9f-83303bc29b02}</UniqueIdentifier>
    </Filter>
    <Filter Include="Utility\MathF">
      <UniqueIdentifier>{dc23bcd1-138d-46b3-b1b5-24f648eddd11}</UniqueIdentifier>
    </Filter>
    <Filter Include="Utility\Rtti">
      <UniqueIdentifier>{db6410dd-f1e3-44e2-9994-62e9e44b16fd}</UniqueIdentifier>
    </Filter>
    <Filter Include="Utility\DirectX">
      <UniqueIdentifier>{e62438b2-2cef-4240-a402-48179f9df3ab}</UniqueIdentifier>
    </Filter>
    <Filter Include="Utility\TimeF">
      <UniqueIdentifier>{9053e4ca-5ba2-4f03-8b06-b9500547bb8c}</UniqueIdentifier>
    </Filter>
    <Filter Include="Utility\ETC">
      <UniqueIdentifier>{8ef72ad0-a5b9-4c72-a88e-74334ca16196}</UniqueIdentifier>
    </Filter>
    <Filter Include="GameObj">
      <UniqueIdentifier>{c0fd12f9-21f0-4804-8c36-b9e2058aba1f}</UniqueIdentifier>
    </Filter>
    <Filter Include="Component">
      <UniqueIdentifier>{c57580a8-9059-4bef-9c7f-30fb7c9cb461}</UniqueIdentifier>
    </Filter>
    <Filter Include="App\Game">
      <UniqueIdentifier>{1efbee15-d4ab-4691-b7ea-843146e8a493}</UniqueIdentifier>
    </Filter>
    <Filter Include="Component\AutoDestroy">
      <UniqueIdentifier>{0f1381d7-74e0-4870-898c-ac62d71888a6}</UniqueIdentifier>
    </Filter>
    <Filter Include="Component\BoxCollider">
      <UniqueIdentifier>{8a12513f-5332-4dc9-8122-6a919ebf1df4}</UniqueIdentifier>
    </Filter>
    <Filter Include="Component\Move">
      <UniqueIdentifier>{59761706-cc05-4412-90b0-6786e369002d}</UniqueIdentifier>
    </Filter>
    <Filter Include="Component\SpriteRender">
      <UniqueIdentifier>{0f0b5965-814b-43d2-a23a-5f15002176c5}</UniqueIdentifier>
    </Filter>
    <Filter Include="Component\Rigid">
      <UniqueIdentifier>{8cdfc64f-c605-4256-8a83-e55385bbfebd}</UniqueIdentifier>
    </Filter>
    <Filter Include="Component\UIButton">
      <UniqueIdentifier>{91707b0d-201e-411d-8076-b7c601cd68c9}</UniqueIdentifier>
    </Filter>
    <Filter Include="Utility\KeyF">
      <UniqueIdentifier>{2a6a5497-53e3-452c-a248-42fb509c59ac}</UniqueIdentifier>
    </Filter>
    <Filter Include="Component\Animation">
      <UniqueIdentifier>{e57a5d55-4b89-48b8-843a-3fb70edddd45}</UniqueIdentifier>
    </Filter>
    <Filter Include="AnimClip">
      <UniqueIdentifier>{e7969678-a8bb-4780-99bd-57767a98cd9c}</UniqueIdentifier>
    </Filter>
    <Filter Include="AnimClip\AnimClipList">
      <UniqueIdentifier>{5c376efd-189b-451b-81f6-1eb594ac14a4}</UniqueIdentifier>
    </Filter>
    <Filter Include="Component\Effect">
      <UniqueIdentifier>{3ff0c7bc-9968-42c6-a703-b4e5254e919e}</UniqueIdentifier>
    </Filter>
    <Filter Include="Component\Controller">
      <UniqueIdentifier>{56f10a68-c6b3-4866-9fd1-69a443824798}</UniqueIdentifier>
    </Filter>
    <Filter Include="Component\Controller\PlayerController">
      <UniqueIdentifier>{a432e2a9-94a5-430b-b8dc-909ea68f659b}</UniqueIdentifier>
    </Filter>
    <Filter Include="Component\Move\LeftMove">
      <UniqueIdentifier>{ced3af64-8ac3-4f62-896c-01feca2af338}</UniqueIdentifier>
    </Filter>
    <Filter Include="Component\Move\RightMove">
      <UniqueIdentifier>{76286954-0c06-49e1-bfb0-e03293e60fc0}</UniqueIdentifier>
    </Filter>
    <Filter Include="Component\Move\UpMove">
      <UniqueIdentifier>{f51bf384-4fc5-48f0-8d66-1068cb7463b2}</UniqueIdentifier>
    </Filter>
    <Filter Include="Component\Move\DownMove">
      <UniqueIdentifier>{68ac699f-ebdb-4acf-90b0-9c195516434c}</UniqueIdentifier>
    </Filter>
    <Filter Include="GameObj\GameObjList">
      <UniqueIdentifier>{79820e1c-d4cc-4772-a9cb-5fe056758f00}</UniqueIdentifier>
    </Filter>
    <Filter Include="Component\Controller\EnemyController">
      <UniqueIdentifier>{9a330b92-18cd-4321-b33c-56c1461862a1}</UniqueIdentifier>
    </Filter>
    <Filter Include="Component\Item">
      <UniqueIdentifier>{b00fa987-8140-4f7d-8692-ed4d25192771}</UniqueIdentifier>
    </Filter>
    <Filter Include="Component\Item\HealthItem">
      <UniqueIdentifier>{5b6de14c-ed1b-4341-95ce-691e61ba233e}</UniqueIdentifier>
    </Filter>
    <Filter Include="Component\Item\ArmorItem">
      <UniqueIdentifier>{3cd46cae-de3b-427e-b2fc-a0487152395c}</UniqueIdentifier>
    </Filter>
    <Filter Include="Component\Item\BulletItem">
      <UniqueIdentifier>{1d336734-a5ac-4177-bdf8-9c96235ade0b}</UniqueIdentifier>
    </Filter>
    <Filter Include="Component\Ammo">
      <UniqueIdentifier>{ff9bf033-0e37-4e23-8975-b0711a461346}</UniqueIdentifier>
    </Filter>
    <Filter Include="Component\Ammo\Bullet">
      <UniqueIdentifier>{45c2c8cf-771a-4089-95b8-36b56dcc8ef3}</UniqueIdentifier>
    </Filter>
    <Filter Include="Component\Ammo\Grenade">
      <UniqueIdentifier>{8b81ade4-9d3e-4519-b5cc-2e0bd4227b10}</UniqueIdentifier>
    </Filter>
    <Filter Include="Component\Effect\ExplosionEffect">
      <UniqueIdentifier>{a9253136-ee37-42fb-bea5-2d815a529a2a}</UniqueIdentifier>
    </Filter>
  </ItemGroup>
  <ItemGroup>
    <ClCompile Include="Main.cpp">
      <Filter>소스 파일</Filter>
    </ClCompile>
    <ClCompile Include="FileIO.cpp">
      <Filter>Utility\FileIO</Filter>
    </ClCompile>
    <ClCompile Include="MathF.cpp">
      <Filter>Utility\MathF</Filter>
    </ClCompile>
    <ClCompile Include="DirectX.cpp">
      <Filter>Utility\DirectX</Filter>
    </ClCompile>
    <ClCompile Include="TimeF.cpp">
      <Filter>Utility\TimeF</Filter>
    </ClCompile>
    <ClCompile Include="EtcF.cpp">
      <Filter>Utility\ETC</Filter>
    </ClCompile>
    <ClCompile Include="GameObj.cpp">
      <Filter>GameObj</Filter>
    </ClCompile>
    <ClCompile Include="GameObjList.cpp">
      <Filter>GameObj\GameObjList</Filter>
    </ClCompile>
    <ClCompile Include="Component.cpp">
      <Filter>Component</Filter>
    </ClCompile>
    <ClCompile Include="Rtti.cpp">
      <Filter>Utility\Rtti</Filter>
    </ClCompile>
    <ClCompile Include="GameApp.cpp">
      <Filter>App\Game</Filter>
    </ClCompile>
    <ClCompile Include="App.cpp">
      <Filter>App</Filter>
    </ClCompile>
    <ClCompile Include="AutoDestroy.cpp">
      <Filter>Component\AutoDestroy</Filter>
    </ClCompile>
    <ClCompile Include="BoxCollider.cpp">
      <Filter>Component\BoxCollider</Filter>
    </ClCompile>
    <ClCompile Include="Move.cpp">
      <Filter>Component\Move</Filter>
    </ClCompile>
    <ClCompile Include="KeyF.cpp">
      <Filter>Utility\KeyF</Filter>
    </ClCompile>
    <ClCompile Include="Rigid.cpp">
      <Filter>Component\Rigid</Filter>
    </ClCompile>
    <ClCompile Include="SpriteRender.cpp">
      <Filter>Component\SpriteRender</Filter>
    </ClCompile>
    <ClCompile Include="UIButton.cpp">
      <Filter>Component\UIButton</Filter>
    </ClCompile>
    <ClCompile Include="Bullet.cpp">
      <Filter>Component\Ammo\Bullet</Filter>
    </ClCompile>
    <ClCompile Include="Animation.cpp">
      <Filter>Component\Animation</Filter>
    </ClCompile>
    <ClCompile Include="AnimClip.cpp">
      <Filter>AnimClip</Filter>
    </ClCompile>
    <ClCompile Include="AnimClipList.cpp">
      <Filter>AnimClip\AnimClipList</Filter>
    </ClCompile>
    <ClCompile Include="EffectEvent.cpp">
      <Filter>Component\Effect</Filter>
    </ClCompile>
    <ClCompile Include="Controller.cpp">
      <Filter>Component\Controller</Filter>
    </ClCompile>
    <ClCompile Include="PlayerController.cpp">
      <Filter>Component\Controller\PlayerController</Filter>
    </ClCompile>
    <ClCompile Include="RightMove.cpp">
      <Filter>Component\Move\RightMove</Filter>
    </ClCompile>
    <ClCompile Include="UpMove.cpp">
      <Filter>Component\Move\UpMove</Filter>
    </ClCompile>
    <ClCompile Include="DownMove.cpp">
      <Filter>Component\Move\DownMove</Filter>
    </ClCompile>
    <ClCompile Include="LeftMove.cpp">
      <Filter>Component\Move\LeftMove</Filter>
    </ClCompile>
    <ClCompile Include="EnemyController.cpp">
      <Filter>Component\Controller\EnemyController</Filter>
    </ClCompile>
    <ClCompile Include="Item.cpp">
      <Filter>Component\Item</Filter>
    </ClCompile>
    <ClCompile Include="HealthItem.cpp">
      <Filter>Component\Item\HealthItem</Filter>
    </ClCompile>
    <ClCompile Include="ArmorItem.cpp">
      <Filter>Component\Item\ArmorItem</Filter>
    </ClCompile>
    <ClCompile Include="BulletItem.cpp">
      <Filter>Component\Item\BulletItem</Filter>
    </ClCompile>
    <ClCompile Include="Ammo.cpp">
      <Filter>Component\Ammo</Filter>
    </ClCompile>
    <ClCompile Include="Grenade.cpp">
      <Filter>Component\Ammo\Grenade</Filter>
    </ClCompile>
    <ClCompile Include="ExplosionEffect.cpp">
      <Filter>Component\Effect\ExplosionEffect</Filter>
    </ClCompile>
  </ItemGroup>
  <ItemGroup>
    <ClInclude Include="Defines.h">
      <Filter>헤더 파일</Filter>
    </ClInclude>
    <ClInclude Include="Constant.h">
      <Filter>헤더 파일</Filter>
    </ClInclude>
    <ClInclude Include="Macro.h">
      <Filter>헤더 파일</Filter>
    </ClInclude>
    <ClInclude Include="App.h">
      <Filter>App</Filter>
    </ClInclude>
    <ClInclude Include="Utility.h">
      <Filter>Utility</Filter>
    </ClInclude>
    <ClInclude Include="FileIO.h">
      <Filter>Utility\FileIO</Filter>
    </ClInclude>
    <ClInclude Include="MathF.h">
      <Filter>Utility\MathF</Filter>
    </ClInclude>
    <ClInclude Include="Rtti.h">
      <Filter>Utility\Rtti</Filter>
    </ClInclude>
    <ClInclude Include="DirectX.h">
      <Filter>Utility\DirectX</Filter>
    </ClInclude>
    <ClInclude Include="TimeF.h">
      <Filter>Utility\TimeF</Filter>
    </ClInclude>
    <ClInclude Include="EtcF.h">
      <Filter>Utility\ETC</Filter>
    </ClInclude>
    <ClInclude Include="UtilConstant.h">
      <Filter>Utility</Filter>
    </ClInclude>
    <ClInclude Include="GameObj.h">
      <Filter>GameObj</Filter>
    </ClInclude>
    <ClInclude Include="GameObjList.h">
      <Filter>GameObj\GameObjList</Filter>
    </ClInclude>
    <ClInclude Include="Component.h">
      <Filter>Component</Filter>
    </ClInclude>
    <ClInclude Include="GameApp.h">
      <Filter>App\Game</Filter>
    </ClInclude>
    <ClInclude Include="AutoDestroy.h">
      <Filter>Component\AutoDestroy</Filter>
    </ClInclude>
    <ClInclude Include="BoxCollider.h">
      <Filter>Component\BoxCollider</Filter>
    </ClInclude>
    <ClInclude Include="Move.h">
      <Filter>Component\Move</Filter>
    </ClInclude>
    <ClInclude Include="KeyF.h">
      <Filter>Utility\KeyF</Filter>
    </ClInclude>
    <ClInclude Include="Rigid.h">
      <Filter>Component\Rigid</Filter>
    </ClInclude>
    <ClInclude Include="SpriteRender.h">
      <Filter>Component\SpriteRender</Filter>
    </ClInclude>
    <ClInclude Include="UIButton.h">
      <Filter>Component\UIButton</Filter>
    </ClInclude>
    <ClInclude Include="Bullet.h">
      <Filter>Component\Ammo\Bullet</Filter>
    </ClInclude>
    <ClInclude Include="Animation.h">
      <Filter>Component\Animation</Filter>
    </ClInclude>
    <ClInclude Include="AnimClip.h">
      <Filter>AnimClip</Filter>
    </ClInclude>
    <ClInclude Include="AnimClipList.h">
      <Filter>AnimClip\AnimClipList</Filter>
    </ClInclude>
    <ClInclude Include="EffectEvent.h">
      <Filter>Component\Effect</Filter>
    </ClInclude>
    <ClInclude Include="Controller.h">
      <Filter>Component\Controller</Filter>
    </ClInclude>
    <ClInclude Include="PlayerController.h">
      <Filter>Component\Controller\PlayerController</Filter>
    </ClInclude>
    <ClInclude Include="RightMove.h">
      <Filter>Component\Move\RightMove</Filter>
    </ClInclude>
    <ClInclude Include="UpMove.h">
      <Filter>Component\Move\UpMove</Filter>
    </ClInclude>
    <ClInclude Include="DownMove.h">
      <Filter>Component\Move\DownMove</Filter>
    </ClInclude>
    <ClInclude Include="LeftMove.h">
      <Filter>Component\Move\LeftMove</Filter>
    </ClInclude>
    <ClInclude Include="EnemyController.h">
      <Filter>Component\Controller\EnemyController</Filter>
    </ClInclude>
    <ClInclude Include="Item.h">
      <Filter>Component\Item</Filter>
    </ClInclude>
    <ClInclude Include="HealthItem.h">
      <Filter>Component\Item\HealthItem</Filter>
    </ClInclude>
    <ClInclude Include="ArmorItem.h">
      <Filter>Component\Item\ArmorItem</Filter>
    </ClInclude>
    <ClInclude Include="BulletItem.h">
      <Filter>Component\Item\BulletItem</Filter>
    </ClInclude>
    <ClInclude Include="Ammo.h">
      <Filter>Component\Ammo</Filter>
    </ClInclude>
    <ClInclude Include="Grenade.h">
      <Filter>Component\Ammo\Grenade</Filter>
    </ClInclude>
    <ClInclude Include="ExplosionEffect.h">
      <Filter>Component\Effect\ExplosionEffect</Filter>
    </ClInclude>
  </ItemGroup>
</Project>